
Microsoft Visual Studio Solution File, Format Version 12.00
Project("{FAE04EC0-301F-11D3-BF4B-00C04F79EFBC}") = "Convy.Core", "Convy.Core\Convy.Core.csproj", "{4A9E52BE-EBCE-4724-8AD0-68A1106D0EEE}"
EndProject
Project("{FAE04EC0-301F-11D3-BF4B-00C04F79EFBC}") = "Convy.Setup", "Convy.Setup\Convy.Setup.csproj", "{35071728-D5CD-46A1-9F46-7568CD57A365}"
EndProject
Global
	GlobalSection(SolutionConfigurationPlatforms) = preSolution
		Debug|Any CPU = Debug|Any CPU
		Release|Any CPU = Release|Any CPU
	EndGlobalSection
	GlobalSection(ProjectConfigurationPlatforms) = postSolution
		{4A9E52BE-EBCE-4724-8AD0-68A1106D0EEE}.Debug|Any CPU.ActiveCfg = Debug|Any CPU
		{4A9E52BE-EBCE-4724-8AD0-68A1106D0EEE}.Debug|Any CPU.Build.0 = Debug|Any CPU
		{4A9E52BE-EBCE-4724-8AD0-68A1106D0EEE}.Release|Any CPU.ActiveCfg = Release|Any CPU
		{4A9E52BE-EBCE-4724-8AD0-68A1106D0EEE}.Release|Any CPU.Build.0 = Release|Any CPU
		{35071728-D5CD-46A1-9F46-7568CD57A365}.Debug|Any CPU.ActiveCfg = Debug|Any CPU
		{35071728-D5CD-46A1-9F46-7568CD57A365}.Debug|Any CPU.Build.0 = Debug|Any CPU
		{35071728-D5CD-46A1-9F46-7568CD57A365}.Release|Any CPU.ActiveCfg = Release|Any CPU
		{35071728-D5CD-46A1-9F46-7568CD57A365}.Release|Any CPU.Build.0 = Release|Any CPU
	EndGlobalSection
EndGlobal
